
Microsoft Visual Studio Solution File, Format Version 12.00
# Visual Studio Version 16
VisualStudioVersion = 16.0.30717.126
MinimumVisualStudioVersion = 10.0.40219.1
Project("{FAE04EC0-301F-11D3-BF4B-00C04F79EFBC}") = "CharacterSystem", "CharacterSystem\CharacterSystem.csproj", "{FA892B3D-F976-48DD-AAF7-7C0AE4DA8A65}"
EndProject
Global
	GlobalSection(SolutionConfigurationPlatforms) = preSolution
		Debug|Any CPU = Debug|Any CPU
		Release|Any CPU = Release|Any CPU
	EndGlobalSection
	GlobalSection(ProjectConfigurationPlatforms) = postSolution
		{FA892B3D-F976-48DD-AAF7-7C0AE4DA8A65}.Debug|Any CPU.ActiveCfg = Debug|Any CPU
		{FA892B3D-F976-48DD-AAF7-7C0AE4DA8A65}.Debug|Any CPU.Build.0 = Debug|Any CPU
		{FA892B3D-F976-48DD-AAF7-7C0AE4DA8A65}.Release|Any CPU.ActiveCfg = Release|Any CPU
		{FA892B3D-F976-48DD-AAF7-7C0AE4DA8A65}.Release|Any CPU.Build.0 = Release|Any CPU
	EndGlobalSection
	GlobalSection(SolutionProperties) = preSolution
		HideSolutionNode = FALSE
	EndGlobalSection
	GlobalSection(ExtensibilityGlobals) = postSolution
		SolutionGuid = {67F2BD1A-1E86-4137-A7D4-4C75E54A5816}
	EndGlobalSection
EndGlobal
